
Microsoft Visual Studio Solution File, Format Version 12.00
# Visual Studio Version 17
VisualStudioVersion = 17.14.36310.24
MinimumVisualStudioVersion = 10.0.40219.1
Project("{FAE04EC0-301F-11D3-BF4B-00C04F79EFBC}") = "CustomerOrders.Data", "CustomerOrders.Data\CustomerOrders.Data.csproj", "{01B58676-1896-4B2B-9D02-044A4E55FB26}"
EndProject
Project("{FAE04EC0-301F-11D3-BF4B-00C04F79EFBC}") = "CustomerOrders.Api", "CustomerOrders.Api\CustomerOrders.Api.csproj", "{20E26A4C-FD31-4390-BCC2-B40A9DB1DBF0}"
EndProject
Project("{FAE04EC0-301F-11D3-BF4B-00C04F79EFBC}") = "CustomerOrders.App", "CustomerOrders.App\CustomerOrders.App.csproj", "{FF8D6B36-6C0D-430E-819D-1EC33E84AAEF}"
EndProject
Global
	GlobalSection(SolutionConfigurationPlatforms) = preSolution
		Debug|Any CPU = Debug|Any CPU
		Release|Any CPU = Release|Any CPU
	EndGlobalSection
	GlobalSection(ProjectConfigurationPlatforms) = postSolution
		{01B58676-1896-4B2B-9D02-044A4E55FB26}.Debug|Any CPU.ActiveCfg = Debug|Any CPU
		{01B58676-1896-4B2B-9D02-044A4E55FB26}.Debug|Any CPU.Build.0 = Debug|Any CPU
		{01B58676-1896-4B2B-9D02-044A4E55FB26}.Release|Any CPU.ActiveCfg = Release|Any CPU
		{01B58676-1896-4B2B-9D02-044A4E55FB26}.Release|Any CPU.Build.0 = Release|Any CPU
		{20E26A4C-FD31-4390-BCC2-B40A9DB1DBF0}.Debug|Any CPU.ActiveCfg = Debug|Any CPU
		{20E26A4C-FD31-4390-BCC2-B40A9DB1DBF0}.Debug|Any CPU.Build.0 = Debug|Any CPU
		{20E26A4C-FD31-4390-BCC2-B40A9DB1DBF0}.Release|Any CPU.ActiveCfg = Release|Any CPU
		{20E26A4C-FD31-4390-BCC2-B40A9DB1DBF0}.Release|Any CPU.Build.0 = Release|Any CPU
		{FF8D6B36-6C0D-430E-819D-1EC33E84AAEF}.Debug|Any CPU.ActiveCfg = Debug|Any CPU
		{FF8D6B36-6C0D-430E-819D-1EC33E84AAEF}.Debug|Any CPU.Build.0 = Debug|Any CPU
		{FF8D6B36-6C0D-430E-819D-1EC33E84AAEF}.Debug|Any CPU.Deploy.0 = Debug|Any CPU
		{FF8D6B36-6C0D-430E-819D-1EC33E84AAEF}.Release|Any CPU.ActiveCfg = Release|Any CPU
		{FF8D6B36-6C0D-430E-819D-1EC33E84AAEF}.Release|Any CPU.Build.0 = Release|Any CPU
		{FF8D6B36-6C0D-430E-819D-1EC33E84AAEF}.Release|Any CPU.Deploy.0 = Release|Any CPU
	EndGlobalSection
	GlobalSection(SolutionProperties) = preSolution
		HideSolutionNode = FALSE
	EndGlobalSection
	GlobalSection(ExtensibilityGlobals) = postSolution
		SolutionGuid = {F0BE8247-B71B-42AA-B2D5-97E7079BA6C4}
	EndGlobalSection
EndGlobal
